
Microsoft Visual Studio Solution File, Format Version 12.00
# Visual Studio Version 17
VisualStudioVersion = 17.8.34330.188
MinimumVisualStudioVersion = 10.0.40219.1
Project("{FAE04EC0-301F-11D3-BF4B-00C04F79EFBC}") = "Bài_2", "btvn\Bài_2.csproj", "{B8116D1F-66CC-4641-991E-89894273B2D4}"
EndProject
Project("{FAE04EC0-301F-11D3-BF4B-00C04F79EFBC}") = "Bài 3", "Bài 3\Bài 3.csproj", "{20AE32AB-4E95-4D57-888C-7FEA8E9AADC3}"
EndProject
Project("{FAE04EC0-301F-11D3-BF4B-00C04F79EFBC}") = "Bài_1", "Bài_1\Bài_1.csproj", "{1C168BBD-4CF9-41A3-8000-0D0823CB64D7}"
EndProject
Global
	GlobalSection(SolutionConfigurationPlatforms) = preSolution
		Debug|Any CPU = Debug|Any CPU
		Release|Any CPU = Release|Any CPU
	EndGlobalSection
	GlobalSection(ProjectConfigurationPlatforms) = postSolution
		{B8116D1F-66CC-4641-991E-89894273B2D4}.Debug|Any CPU.ActiveCfg = Debug|Any CPU
		{B8116D1F-66CC-4641-991E-89894273B2D4}.Debug|Any CPU.Build.0 = Debug|Any CPU
		{B8116D1F-66CC-4641-991E-89894273B2D4}.Release|Any CPU.ActiveCfg = Release|Any CPU
		{B8116D1F-66CC-4641-991E-89894273B2D4}.Release|Any CPU.Build.0 = Release|Any CPU
		{20AE32AB-4E95-4D57-888C-7FEA8E9AADC3}.Debug|Any CPU.ActiveCfg = Debug|Any CPU
		{20AE32AB-4E95-4D57-888C-7FEA8E9AADC3}.Debug|Any CPU.Build.0 = Debug|Any CPU
		{20AE32AB-4E95-4D57-888C-7FEA8E9AADC3}.Release|Any CPU.ActiveCfg = Release|Any CPU
		{20AE32AB-4E95-4D57-888C-7FEA8E9AADC3}.Release|Any CPU.Build.0 = Release|Any CPU
		{1C168BBD-4CF9-41A3-8000-0D0823CB64D7}.Debug|Any CPU.ActiveCfg = Debug|Any CPU
		{1C168BBD-4CF9-41A3-8000-0D0823CB64D7}.Debug|Any CPU.Build.0 = Debug|Any CPU
		{1C168BBD-4CF9-41A3-8000-0D0823CB64D7}.Release|Any CPU.ActiveCfg = Release|Any CPU
		{1C168BBD-4CF9-41A3-8000-0D0823CB64D7}.Release|Any CPU.Build.0 = Release|Any CPU
	EndGlobalSection
	GlobalSection(SolutionProperties) = preSolution
		HideSolutionNode = FALSE
	EndGlobalSection
	GlobalSection(ExtensibilityGlobals) = postSolution
		SolutionGuid = {504DAAE4-EDB6-4CB9-84F8-3FD5162EC677}
	EndGlobalSection
EndGlobal
